
Microsoft Visual Studio Solution File, Format Version 12.00
# Visual Studio Version 17
VisualStudioVersion = 17.8.34309.116
MinimumVisualStudioVersion = 10.0.40219.1
Project("{FAE04EC0-301F-11D3-BF4B-00C04F79EFBC}") = "CodeFirstApproachMark", "CodeFirstApproachMark\CodeFirstApproachMark.csproj", "{43F799C0-AA9B-48DB-9836-725FF048BBA0}"
EndProject
Global
	GlobalSection(SolutionConfigurationPlatforms) = preSolution
		Debug|Any CPU = Debug|Any CPU
		Release|Any CPU = Release|Any CPU
	EndGlobalSection
	GlobalSection(ProjectConfigurationPlatforms) = postSolution
		{43F799C0-AA9B-48DB-9836-725FF048BBA0}.Debug|Any CPU.ActiveCfg = Debug|Any CPU
		{43F799C0-AA9B-48DB-9836-725FF048BBA0}.Debug|Any CPU.Build.0 = Debug|Any CPU
		{43F799C0-AA9B-48DB-9836-725FF048BBA0}.Release|Any CPU.ActiveCfg = Release|Any CPU
		{43F799C0-AA9B-48DB-9836-725FF048BBA0}.Release|Any CPU.Build.0 = Release|Any CPU
	EndGlobalSection
	GlobalSection(SolutionProperties) = preSolution
		HideSolutionNode = FALSE
	EndGlobalSection
	GlobalSection(ExtensibilityGlobals) = postSolution
		SolutionGuid = {DF8E15CA-CD14-469D-94CF-D06B22AC7CBA}
	EndGlobalSection
EndGlobal
